// !$*UTF8*$!
{
	archiveVersion = 1;
	classes = {
	};
	objectVersion = 46;
	objects = {

/* Begin PBXBuildFile section */
		A0BB2E851DF5022D00B9E0B0 /* AppDelegate.swift in Sources */ = {isa = PBXBuildFile; fileRef = A0BB2E841DF5022D00B9E0B0 /* AppDelegate.swift */; };
		A0BB2E8A1DF5022D00B9E0B0 /* Main.storyboard in Resources */ = {isa = PBXBuildFile; fileRef = A0BB2E881DF5022D00B9E0B0 /* Main.storyboard */; };
		A0BB2E8D1DF5022D00B9E0B0 /* Claer.xcdatamodeld in Sources */ = {isa = PBXBuildFile; fileRef = A0BB2E8B1DF5022D00B9E0B0 /* Claer.xcdatamodeld */; };
		A0BB2E8F1DF5022D00B9E0B0 /* Assets.xcassets in Resources */ = {isa = PBXBuildFile; fileRef = A0BB2E8E1DF5022D00B9E0B0 /* Assets.xcassets */; };
		A0BB2E921DF5022D00B9E0B0 /* LaunchScreen.storyboard in Resources */ = {isa = PBXBuildFile; fileRef = A0BB2E901DF5022D00B9E0B0 /* LaunchScreen.storyboard */; };
		A0BB2E9A1DF5054600B9E0B0 /* Setting.swift in Sources */ = {isa = PBXBuildFile; fileRef = A0BB2E991DF5054600B9E0B0 /* Setting.swift */; };
		A0D262361DF531CB0001335A /* SettingTableViewController.swift in Sources */ = {isa = PBXBuildFile; fileRef = A0D262351DF531CB0001335A /* SettingTableViewController.swift */; };
		A0D262381DF532910001335A /* BasicTableViewCell.swift in Sources */ = {isa = PBXBuildFile; fileRef = A0D262371DF532910001335A /* BasicTableViewCell.swift */; };
/* End PBXBuildFile section */

/* Begin PBXFileReference section */
		A0BB2E811DF5022D00B9E0B0 /* Claer.app */ = {isa = PBXFileReference; explicitFileType = wrapper.application; includeInIndex = 0; path = Claer.app; sourceTree = BUILT_PRODUCTS_DIR; };
		A0BB2E841DF5022D00B9E0B0 /* AppDelegate.swift */ = {isa = PBXFileReference; lastKnownFileType = sourcecode.swift; path = AppDelegate.swift; sourceTree = "<group>"; };
		A0BB2E891DF5022D00B9E0B0 /* Base */ = {isa = PBXFileReference; lastKnownFileType = file.storyboard; name = Base; path = Base.lproj/Main.storyboard; sourceTree = "<group>"; };
		A0BB2E8C1DF5022D00B9E0B0 /* Claer.xcdatamodel */ = {isa = PBXFileReference; lastKnownFileType = wrapper.xcdatamodel; path = Claer.xcdatamodel; sourceTree = "<group>"; };
		A0BB2E8E1DF5022D00B9E0B0 /* Assets.xcassets */ = {isa = PBXFileReference; lastKnownFileType = folder.assetcatalog; path = Assets.xcassets; sourceTree = "<group>"; };
		A0BB2E911DF5022D00B9E0B0 /* Base */ = {isa = PBXFileReference; lastKnownFileType = file.storyboard; name = Base; path = Base.lproj/LaunchScreen.storyboard; sourceTree = "<group>"; };
		A0BB2E931DF5022D00B9E0B0 /* Info.plist */ = {isa = PBXFileReference; lastKnownFileType = text.plist.xml; path = Info.plist; sourceTree = "<group>"; };
		A0BB2E991DF5054600B9E0B0 /* Setting.swift */ = {isa = PBXFileReference; fileEncoding = 4; lastKnownFileType = sourcecode.swift; path = Setting.swift; sourceTree = "<group>"; };
		A0D262351DF531CB0001335A /* SettingTableViewController.swift */ = {isa = PBXFileReference; fileEncoding = 4; lastKnownFileType = sourcecode.swift; path = SettingTableViewController.swift; sourceTree = "<group>"; };
		A0D262371DF532910001335A /* BasicTableViewCell.swift */ = {isa = PBXFileReference; fileEncoding = 4; lastKnownFileType = sourcecode.swift; path = BasicTableViewCell.swift; sourceTree = "<group>"; };
/* End PBXFileReference section */

/* Begin PBXFrameworksBuildPhase section */
		A0BB2E7E1DF5022D00B9E0B0 /* Frameworks */ = {
			isa = PBXFrameworksBuildPhase;
			buildActionMask = 2147483647;
			files = (
			);
			runOnlyForDeploymentPostprocessing = 0;
		};
/* End PBXFrameworksBuildPhase section */

/* Begin PBXGroup section */
		A0BB2E781DF5022D00B9E0B0 = {
			isa = PBXGroup;
			children = (
				A0BB2E831DF5022D00B9E0B0 /* Claer */,
				A0BB2E821DF5022D00B9E0B0 /* Products */,
			);
			sourceTree = "<group>";
		};
		A0BB2E821DF5022D00B9E0B0 /* Products */ = {
			isa = PBXGroup;
			children = (
				A0BB2E811DF5022D00B9E0B0 /* Claer.app */,
			);
			name = Products;
			sourceTree = "<group>";
		};
		A0BB2E831DF5022D00B9E0B0 /* Claer */ = {
			isa = PBXGroup;
			children = (
				A0BB2E841DF5022D00B9E0B0 /* AppDelegate.swift */,
				A0BB2E881DF5022D00B9E0B0 /* Main.storyboard */,
				A0D262371DF532910001335A /* BasicTableViewCell.swift */,
				A0D262351DF531CB0001335A /* SettingTableViewController.swift */,
				A0BB2E991DF5054600B9E0B0 /* Setting.swift */,
				A0BB2E8E1DF5022D00B9E0B0 /* Assets.xcassets */,
				A0BB2E901DF5022D00B9E0B0 /* LaunchScreen.storyboard */,
				A0BB2E931DF5022D00B9E0B0 /* Info.plist */,
				A0BB2E8B1DF5022D00B9E0B0 /* Claer.xcdatamodeld */,
			);
			path = Claer;
			sourceTree = "<group>";
		};
/* End PBXGroup section */

/* Begin PBXNativeTarget section */
		A0BB2E801DF5022D00B9E0B0 /* Claer */ = {
			isa = PBXNativeTarget;
			buildConfigurationList = A0BB2E961DF5022D00B9E0B0 /* Build configuration list for PBXNativeTarget "Claer" */;
			buildPhases = (
				A0BB2E7D1DF5022D00B9E0B0 /* Sources */,
				A0BB2E7E1DF5022D00B9E0B0 /* Frameworks */,
				A0BB2E7F1DF5022D00B9E0B0 /* Resources */,
			);
			buildRules = (
			);
			dependencies = (
			);
			name = Claer;
			productName = Claer;
			productReference = A0BB2E811DF5022D00B9E0B0 /* Claer.app */;
			productType = "com.apple.product-type.application";
		};
/* End PBXNativeTarget section */

/* Begin PBXProject section */
		A0BB2E791DF5022D00B9E0B0 /* Project object */ = {
			isa = PBXProject;
			attributes = {
				LastSwiftUpdateCheck = 0810;
				LastUpgradeCheck = 0810;
				ORGANIZATIONNAME = Legolas.Invoker;
				TargetAttributes = {
					A0BB2E801DF5022D00B9E0B0 = {
						CreatedOnToolsVersion = 8.1;
						DevelopmentTeam = RHBBUXEY37;
						ProvisioningStyle = Automatic;
					};
				};
			};
			buildConfigurationList = A0BB2E7C1DF5022D00B9E0B0 /* Build configuration list for PBXProject "Claer" */;
			compatibilityVersion = "Xcode 3.2";
			developmentRegion = English;
			hasScannedForEncodings = 0;
			knownRegions = (
				en,
				Base,
			);
			mainGroup = A0BB2E781DF5022D00B9E0B0;
			productRefGroup = A0BB2E821DF5022D00B9E0B0 /* Products */;
			projectDirPath = "";
			projectRoot = "";
			targets = (
				A0BB2E801DF5022D00B9E0B0 /* Claer */,
			);
		};
/* End PBXProject section */

/* Begin PBXResourcesBuildPhase section */
		A0BB2E7F1DF5022D00B9E0B0 /* Resources */ = {
			isa = PBXResourcesBuildPhase;
			buildActionMask = 2147483647;
			files = (
				A0BB2E921DF5022D00B9E0B0 /* LaunchScreen.storyboard in Resources */,
				A0BB2E8F1DF5022D00B9E0B0 /* Assets.xcassets in Resources */,
				A0BB2E8A1DF5022D00B9E0B0 /* Main.storyboard in Resources */,
			);
			runOnlyForDeploymentPostprocessing = 0;
		};
/* End PBXResourcesBuildPhase section */

/* Begin PBXSourcesBuildPhase section */
		A0BB2E7D1DF5022D00B9E0B0 /* Sources */ = {
			isa = PBXSourcesBuildPhase;
			buildActionMask = 2147483647;
			files = (
				A0D262361DF531CB0001335A /* SettingTableViewController.swift in Sources */,
				A0BB2E8D1DF5022D00B9E0B0 /* Claer.xcdatamodeld in Sources */,
				A0BB2E9A1DF5054600B9E0B0 /* Setting.swift in Sources */,
				A0BB2E851DF5022D00B9E0B0 /* AppDelegate.swift in Sources */,
				A0D262381DF532910001335A /* BasicTableViewCell.swift in Sources */,
			);
			runOnlyForDeploymentPostprocessing = 0;
		};
/* End PBXSourcesBuildPhase section */

/* Begin PBXVariantGroup section */
		A0BB2E881DF5022D00B9E0B0 /* Main.storyboard */ = {
			isa = PBXVariantGroup;
			children = (
				A0BB2E891DF5022D00B9E0B0 /* Base */,
			);
			name = Main.storyboard;
			sourceTree = "<group>";
		};
		A0BB2E901DF5022D00B9E0B0 /* LaunchScreen.storyboard */ = {
			isa = PBXVariantGroup;
			children = (
				A0BB2E911DF5022D00B9E0B0 /* Base */,
			);
			name = LaunchScreen.storyboard;
			sourceTree = "<group>";
		};
/* End PBXVariantGroup section */

/* Begin XCBuildConfiguration section */
		A0BB2E941DF5022D00B9E0B0 /* Debug */ = {
			isa = XCBuildConfiguration;
			buildSettings = {
				ALWAYS_SEARCH_USER_PATHS = NO;
				CLANG_ANALYZER_NONNULL = YES;
				CLANG_CXX_LANGUAGE_STANDARD = "gnu++0x";
				CLANG_CXX_LIBRARY = "libc++";
				CLANG_ENABLE_MODULES = YES;
				CLANG_ENABLE_OBJC_ARC = YES;
				CLANG_WARN_BOOL_CONVERSION = YES;
				CLANG_WARN_CONSTANT_CONVERSION = YES;
				CLANG_WARN_DIRECT_OBJC_ISA_USAGE = YES_ERROR;
				CLANG_WARN_DOCUMENTATION_COMMENTS = YES;
				CLANG_WARN_EMPTY_BODY = YES;
				CLANG_WARN_ENUM_CONVERSION = YES;
				CLANG_WARN_INFINITE_RECURSION = YES;
				CLANG_WARN_INT_CONVERSION = YES;
				CLANG_WARN_OBJC_ROOT_CLASS = YES_ERROR;
				CLANG_WARN_SUSPICIOUS_MOVES = YES;
				CLANG_WARN_UNREACHABLE_CODE = YES;
				CLANG_WARN__DUPLICATE_METHOD_MATCH = YES;
				"CODE_SIGN_IDENTITY[sdk=iphoneos*]" = "iPhone Developer";
				COPY_PHASE_STRIP = NO;
				DEBUG_INFORMATION_FORMAT = dwarf;
				ENABLE_STRICT_OBJC_MSGSEND = YES;
				ENABLE_TESTABILITY = YES;
				GCC_C_LANGUAGE_STANDARD = gnu99;
				GCC_DYNAMIC_NO_PIC = NO;
				GCC_NO_COMMON_BLOCKS = YES;
				GCC_OPTIMIZATION_LEVEL = 0;
				GCC_PREPROCESSOR_DEFINITIONS = (
					"DEBUG=1",
					"$(inherited)",
				);
				GCC_WARN_64_TO_32_BIT_CONVERSION = YES;
				GCC_WARN_ABOUT_RETURN_TYPE = YES_ERROR;
				GCC_WARN_UNDECLARED_SELECTOR = YES;
				GCC_WARN_UNINITIALIZED_AUTOS = YES_AGGRESSIVE;
				GCC_WARN_UNUSED_FUNCTION = YES;
				GCC_WARN_UNUSED_VARIABLE = YES;
				IPHONEOS_DEPLOYMENT_TARGET = 10.1;
				MTL_ENABLE_DEBUG_INFO = YES;
				ONLY_ACTIVE_ARCH = YES;
				SDKROOT = iphoneos;
				SWIFT_ACTIVE_COMPILATION_CONDITIONS = DEBUG;
				SWIFT_OPTIMIZATION_LEVEL = "-Onone";
				TARGETED_DEVICE_FAMILY = "1,2";
			};
			name = Debug;
		};
		A0BB2E951DF5022D00B9E0B0 /* Release */ = {
			isa = XCBuildConfiguration;
			buildSettings = {
				ALWAYS_SEARCH_USER_PATHS = NO;
				CLANG_ANALYZER_NONNULL = YES;
				CLANG_CXX_LANGUAGE_STANDARD = "gnu++0x";
				CLANG_CXX_LIBRARY = "libc++";
				CLANG_ENABLE_MODULES = YES;
				CLANG_ENABLE_OBJC_ARC = YES;
				CLANG_WARN_BOOL_CONVERSION = YES;
				CLANG_WARN_CONSTANT_CONVERSION = YES;
				CLANG_WARN_DIRECT_OBJC_ISA_USAGE = YES_ERROR;
				CLANG_WARN_DOCUMENTATION_COMMENTS = YES;
				CLANG_WARN_EMPTY_BODY = YES;
				CLANG_WARN_ENUM_CONVERSION = YES;
				CLANG_WARN_INFINITE_RECURSION = YES;
				CLANG_WARN_INT_CONVERSION = YES;
				CLANG_WARN_OBJC_ROOT_CLASS = YES_ERROR;
				CLANG_WARN_SUSPICIOUS_MOVES = YES;
				CLANG_WARN_UNREACHABLE_CODE = YES;
				CLANG_WARN__DUPLICATE_METHOD_MATCH = YES;
				"CODE_SIGN_IDENTITY[sdk=iphoneos*]" = "iPhone Developer";
				COPY_PHASE_STRIP = NO;
				DEBUG_INFORMATION_FORMAT = "dwarf-with-dsym";
				ENABLE_NS_ASSERTIONS = NO;
				ENABLE_STRICT_OBJC_MSGSEND = YES;
				GCC_C_LANGUAGE_STANDARD = gnu99;
				GCC_NO_COMMON_BLOCKS = YES;
				GCC_WARN_64_TO_32_BIT_CONVERSION = YES;
				GCC_WARN_ABOUT_RETURN_TYPE = YES_ERROR;
				GCC_WARN_UNDECLARED_SELECTOR = YES;
				GCC_WARN_UNINITIALIZED_AUTOS = YES_AGGRESSIVE;
				GCC_WARN_UNUSED_FUNCTION = YES;
				GCC_WARN_UNUSED_VARIABLE = YES;
				IPHONEOS_DEPLOYMENT_TARGET = 10.1;
				MTL_ENABLE_DEBUG_INFO = NO;
				SDKROOT = iphoneos;
				SWIFT_OPTIMIZATION_LEVEL = "-Owholemodule";
				TARGETED_DEVICE_FAMILY = "1,2";
				VALIDATE_PRODUCT = YES;
			};
			name = Release;
		};
		A0BB2E971DF5022D00B9E0B0 /* Debug */ = {
			isa = XCBuildConfiguration;
			buildSettings = {
				ASSETCATALOG_COMPILER_APPICON_NAME = AppIcon;
				DEVELOPMENT_TEAM = RHBBUXEY37;
				INFOPLIST_FILE = Claer/Info.plist;
				LD_RUNPATH_SEARCH_PATHS = "$(inherited) @executable_path/Frameworks";
				PRODUCT_BUNDLE_IDENTIFIER = Invoker.Claer;
				PRODUCT_NAME = "$(TARGET_NAME)";
				SWIFT_VERSION = 3.0;
			};
			name = Debug;
		};
		A0BB2E981DF5022D00B9E0B0 /* Release */ = {
			isa = XCBuildConfiguration;
			buildSettings = {
				ASSETCATALOG_COMPILER_APPICON_NAME = AppIcon;
				DEVELOPMENT_TEAM = RHBBUXEY37;
				INFOPLIST_FILE = Claer/Info.plist;
				LD_RUNPATH_SEARCH_PATHS = "$(inherited) @executable_path/Frameworks";
				PRODUCT_BUNDLE_IDENTIFIER = Invoker.Claer;
				PRODUCT_NAME = "$(TARGET_NAME)";
				SWIFT_VERSION = 3.0;
			};
			name = Release;
		};
/* End XCBuildConfiguration section */

/* Begin XCConfigurationList section */
		A0BB2E7C1DF5022D00B9E0B0 /* Build configuration list for PBXProject "Claer" */ = {
			isa = XCConfigurationList;
			buildConfigurations = (
				A0BB2E941DF5022D00B9E0B0 /* Debug */,
				A0BB2E951DF5022D00B9E0B0 /* Release */,
			);
			defaultConfigurationIsVisible = 0;
			defaultConfigurationName = Release;
		};
		A0BB2E961DF5022D00B9E0B0 /* Build configuration list for PBXNativeTarget "Claer" */ = {
			isa = XCConfigurationList;
			buildConfigurations = (
				A0BB2E971DF5022D00B9E0B0 /* Debug */,
				A0BB2E981DF5022D00B9E0B0 /* Release */,
			);
			defaultConfigurationIsVisible = 0;
			defaultConfigurationName = Release;
		};
/* End XCConfigurationList section */

/* Begin XCVersionGroup section */
		A0BB2E8B1DF5022D00B9E0B0 /* Claer.xcdatamodeld */ = {
			isa = XCVersionGroup;
			children = (
				A0BB2E8C1DF5022D00B9E0B0 /* Claer.xcdatamodel */,
			);
			currentVersion = A0BB2E8C1DF5022D00B9E0B0 /* Claer.xcdatamodel */;
			path = Claer.xcdatamodeld;
			sourceTree = "<group>";
			versionGroupType = wrapper.xcdatamodel;
		};
/* End XCVersionGroup section */
	};
	rootObject = A0BB2E791DF5022D00B9E0B0 /* Project object */;
}
